
Microsoft Visual Studio Solution File, Format Version 12.00
# Visual Studio Version 17
VisualStudioVersion = 17.2.32519.379
MinimumVisualStudioVersion = 10.0.40219.1
Project("{9A19103F-16F7-4668-BE54-9A1E7A4F7556}") = "NewsApp", "NewsApp\NewsApp.csproj", "{5D88E036-9CD8-41A0-B25F-2FE035E65AA4}"
EndProject
Project("{9A19103F-16F7-4668-BE54-9A1E7A4F7556}") = "SubscriptionActions", "SubscriptionActions\SubscriptionActions.csproj", "{65231FEE-3217-44B7-BE1E-434A64E5DBE8}"
EndProject
Project("{9A19103F-16F7-4668-BE54-9A1E7A4F7556}") = "ConfirmationEMail", "ConfirmationEMail\ConfirmationEMail.csproj", "{139EF069-AEFC-4D8E-A695-9B7F52762093}"
EndProject
Project("{FAE04EC0-301F-11D3-BF4B-00C04F79EFBC}") = "TimerTrigger1", "FunctionApp1\TimerTrigger1.csproj", "{70B4B827-7DEC-42DB-97B4-A3B0275B4F00}"
EndProject
Global
	GlobalSection(SolutionConfigurationPlatforms) = preSolution
		Debug|Any CPU = Debug|Any CPU
		Release|Any CPU = Release|Any CPU
	EndGlobalSection
	GlobalSection(ProjectConfigurationPlatforms) = postSolution
		{5D88E036-9CD8-41A0-B25F-2FE035E65AA4}.Debug|Any CPU.ActiveCfg = Debug|Any CPU
		{5D88E036-9CD8-41A0-B25F-2FE035E65AA4}.Debug|Any CPU.Build.0 = Debug|Any CPU
		{5D88E036-9CD8-41A0-B25F-2FE035E65AA4}.Release|Any CPU.ActiveCfg = Release|Any CPU
		{5D88E036-9CD8-41A0-B25F-2FE035E65AA4}.Release|Any CPU.Build.0 = Release|Any CPU
		{65231FEE-3217-44B7-BE1E-434A64E5DBE8}.Debug|Any CPU.ActiveCfg = Debug|Any CPU
		{65231FEE-3217-44B7-BE1E-434A64E5DBE8}.Debug|Any CPU.Build.0 = Debug|Any CPU
		{65231FEE-3217-44B7-BE1E-434A64E5DBE8}.Release|Any CPU.ActiveCfg = Release|Any CPU
		{65231FEE-3217-44B7-BE1E-434A64E5DBE8}.Release|Any CPU.Build.0 = Release|Any CPU
		{139EF069-AEFC-4D8E-A695-9B7F52762093}.Debug|Any CPU.ActiveCfg = Debug|Any CPU
		{139EF069-AEFC-4D8E-A695-9B7F52762093}.Debug|Any CPU.Build.0 = Debug|Any CPU
		{139EF069-AEFC-4D8E-A695-9B7F52762093}.Release|Any CPU.ActiveCfg = Release|Any CPU
		{139EF069-AEFC-4D8E-A695-9B7F52762093}.Release|Any CPU.Build.0 = Release|Any CPU
		{70B4B827-7DEC-42DB-97B4-A3B0275B4F00}.Debug|Any CPU.ActiveCfg = Debug|Any CPU
		{70B4B827-7DEC-42DB-97B4-A3B0275B4F00}.Debug|Any CPU.Build.0 = Debug|Any CPU
		{70B4B827-7DEC-42DB-97B4-A3B0275B4F00}.Release|Any CPU.ActiveCfg = Release|Any CPU
		{70B4B827-7DEC-42DB-97B4-A3B0275B4F00}.Release|Any CPU.Build.0 = Release|Any CPU
	EndGlobalSection
	GlobalSection(SolutionProperties) = preSolution
		HideSolutionNode = FALSE
	EndGlobalSection
	GlobalSection(ExtensibilityGlobals) = postSolution
		SolutionGuid = {7887B942-7F10-4174-9174-019A7FFA0595}
	EndGlobalSection
EndGlobal
